
Microsoft Visual Studio Solution File, Format Version 12.00
# Visual Studio Version 17
VisualStudioVersion = 17.13.35825.156 d17.13
MinimumVisualStudioVersion = 10.0.40219.1
Project("{FAE04EC0-301F-11D3-BF4B-00C04F79EFBC}") = "BirthdayChallenge", "BirthdayChallenge\BirthdayChallenge.csproj", "{CA680FE4-D7B0-4040-A1CE-BDDF6F7D17A6}"
EndProject
Global
	GlobalSection(SolutionConfigurationPlatforms) = preSolution
		Debug|Any CPU = Debug|Any CPU
		Release|Any CPU = Release|Any CPU
	EndGlobalSection
	GlobalSection(ProjectConfigurationPlatforms) = postSolution
		{CA680FE4-D7B0-4040-A1CE-BDDF6F7D17A6}.Debug|Any CPU.ActiveCfg = Debug|Any CPU
		{CA680FE4-D7B0-4040-A1CE-BDDF6F7D17A6}.Debug|Any CPU.Build.0 = Debug|Any CPU
		{CA680FE4-D7B0-4040-A1CE-BDDF6F7D17A6}.Release|Any CPU.ActiveCfg = Release|Any CPU
		{CA680FE4-D7B0-4040-A1CE-BDDF6F7D17A6}.Release|Any CPU.Build.0 = Release|Any CPU
	EndGlobalSection
	GlobalSection(SolutionProperties) = preSolution
		HideSolutionNode = FALSE
	EndGlobalSection
	GlobalSection(ExtensibilityGlobals) = postSolution
		SolutionGuid = {D130C339-992C-4115-BFD8-5A3A1858155F}
	EndGlobalSection
EndGlobal
